// !$*UTF8*$!
{
	archiveVersion = 1;
	classes = {
	};
	objectVersion = 45;
	objects = {

/* Begin PBXBuildFile section */
		3201D95510CED9AB002B5A73 /* TULEDIndicatorView+Convenience.h in Headers */ = {isa = PBXBuildFile; fileRef = 3201D95310CED9AB002B5A73 /* TULEDIndicatorView+Convenience.h */; };
		3201D95610CED9AB002B5A73 /* TULEDIndicatorView+Convenience.m in Sources */ = {isa = PBXBuildFile; fileRef = 3201D95410CED9AB002B5A73 /* TULEDIndicatorView+Convenience.m */; };
		3201D9B610CEF509002B5A73 /* TULEDIndicatorView.m in Sources */ = {isa = PBXBuildFile; fileRef = 3279F8BA10B5C6FF00962C75 /* TULEDIndicatorView.m */; };
		3201D9C610CEFC72002B5A73 /* TULEDIndicatorView+Convenience.m in Sources */ = {isa = PBXBuildFile; fileRef = 3201D95410CED9AB002B5A73 /* TULEDIndicatorView+Convenience.m */; };
		3279F8BB10B5C6FF00962C75 /* TULEDIndicatorView.h in Headers */ = {isa = PBXBuildFile; fileRef = 3279F8B910B5C6FF00962C75 /* TULEDIndicatorView.h */; };
		3279F8BC10B5C6FF00962C75 /* TULEDIndicatorView.m in Sources */ = {isa = PBXBuildFile; fileRef = 3279F8BA10B5C6FF00962C75 /* TULEDIndicatorView.m */; };
		3279F8BF10B5C71300962C75 /* CoreGraphics.framework in Frameworks */ = {isa = PBXBuildFile; fileRef = 3279F8BD10B5C71300962C75 /* CoreGraphics.framework */; };
		3279F8C010B5C71300962C75 /* UIKit.framework in Frameworks */ = {isa = PBXBuildFile; fileRef = 3279F8BE10B5C71300962C75 /* UIKit.framework */; };
		3279F8C610B5C71F00962C75 /* QuartzCore.framework in Frameworks */ = {isa = PBXBuildFile; fileRef = 3279F8C510B5C71F00962C75 /* QuartzCore.framework */; };
		32A566EB10CC76750046F74C /* TULEDImageFileSchema.h in Headers */ = {isa = PBXBuildFile; fileRef = 32A566E910CC76750046F74C /* TULEDImageFileSchema.h */; };
		32A566EC10CC76750046F74C /* TULEDImageFileSchema.m in Sources */ = {isa = PBXBuildFile; fileRef = 32A566EA10CC76750046F74C /* TULEDImageFileSchema.m */; };
		32A566F710CC79FC0046F74C /* TULEDs.bundle in Resources */ = {isa = PBXBuildFile; fileRef = 32A566F610CC79FC0046F74C /* TULEDs.bundle */; };
		32A5675E10CC9A570046F74C /* TULEDImageFileSchema.m in Sources */ = {isa = PBXBuildFile; fileRef = 32A566EA10CC76750046F74C /* TULEDImageFileSchema.m */; };
		AA747D9F0F9514B9006C5449 /* TULEDIndicatorViews_Prefix.pch in Headers */ = {isa = PBXBuildFile; fileRef = AA747D9E0F9514B9006C5449 /* TULEDIndicatorViews_Prefix.pch */; };
		AACBBE4A0F95108600F1A2B1 /* Foundation.framework in Frameworks */ = {isa = PBXBuildFile; fileRef = AACBBE490F95108600F1A2B1 /* Foundation.framework */; };
/* End PBXBuildFile section */

/* Begin PBXFileReference section */
		3201D95310CED9AB002B5A73 /* TULEDIndicatorView+Convenience.h */ = {isa = PBXFileReference; fileEncoding = 4; lastKnownFileType = sourcecode.c.h; path = "TULEDIndicatorView+Convenience.h"; sourceTree = "<group>"; };
		3201D95410CED9AB002B5A73 /* TULEDIndicatorView+Convenience.m */ = {isa = PBXFileReference; fileEncoding = 4; lastKnownFileType = sourcecode.c.objc; path = "TULEDIndicatorView+Convenience.m"; sourceTree = "<group>"; };
		3279F8B110B5C47D00962C75 /* TULEDIndicatorViewsUnitTests.octest */ = {isa = PBXFileReference; explicitFileType = wrapper.cfbundle; includeInIndex = 0; path = TULEDIndicatorViewsUnitTests.octest; sourceTree = BUILT_PRODUCTS_DIR; };
		3279F8B210B5C47D00962C75 /* TULEDIndicatorViewsUnitTests-Info.plist */ = {isa = PBXFileReference; lastKnownFileType = text.plist.xml; path = "TULEDIndicatorViewsUnitTests-Info.plist"; sourceTree = "<group>"; };
		3279F8B910B5C6FF00962C75 /* TULEDIndicatorView.h */ = {isa = PBXFileReference; fileEncoding = 4; lastKnownFileType = sourcecode.c.h; path = TULEDIndicatorView.h; sourceTree = "<group>"; };
		3279F8BA10B5C6FF00962C75 /* TULEDIndicatorView.m */ = {isa = PBXFileReference; fileEncoding = 4; lastKnownFileType = sourcecode.c.objc; path = TULEDIndicatorView.m; sourceTree = "<group>"; };
		3279F8BD10B5C71300962C75 /* CoreGraphics.framework */ = {isa = PBXFileReference; lastKnownFileType = wrapper.framework; name = CoreGraphics.framework; path = System/Library/Frameworks/CoreGraphics.framework; sourceTree = SDKROOT; };
		3279F8BE10B5C71300962C75 /* UIKit.framework */ = {isa = PBXFileReference; lastKnownFileType = wrapper.framework; name = UIKit.framework; path = System/Library/Frameworks/UIKit.framework; sourceTree = SDKROOT; };
		3279F8C510B5C71F00962C75 /* QuartzCore.framework */ = {isa = PBXFileReference; lastKnownFileType = wrapper.framework; name = QuartzCore.framework; path = System/Library/Frameworks/QuartzCore.framework; sourceTree = SDKROOT; };
		32A566E910CC76750046F74C /* TULEDImageFileSchema.h */ = {isa = PBXFileReference; fileEncoding = 4; lastKnownFileType = sourcecode.c.h; path = TULEDImageFileSchema.h; sourceTree = "<group>"; };
		32A566EA10CC76750046F74C /* TULEDImageFileSchema.m */ = {isa = PBXFileReference; fileEncoding = 4; lastKnownFileType = sourcecode.c.objc; path = TULEDImageFileSchema.m; sourceTree = "<group>"; };
		32A566F610CC79FC0046F74C /* TULEDs.bundle */ = {isa = PBXFileReference; lastKnownFileType = "wrapper.plug-in"; path = TULEDs.bundle; sourceTree = "<group>"; };
		AA747D9E0F9514B9006C5449 /* TULEDIndicatorViews_Prefix.pch */ = {isa = PBXFileReference; fileEncoding = 4; lastKnownFileType = sourcecode.c.h; path = TULEDIndicatorViews_Prefix.pch; sourceTree = SOURCE_ROOT; };
		AACBBE490F95108600F1A2B1 /* Foundation.framework */ = {isa = PBXFileReference; lastKnownFileType = wrapper.framework; name = Foundation.framework; path = System/Library/Frameworks/Foundation.framework; sourceTree = SDKROOT; };
		D2AAC07E0554694100DB518D /* libTULEDIndicatorViews.a */ = {isa = PBXFileReference; explicitFileType = archive.ar; includeInIndex = 0; path = libTULEDIndicatorViews.a; sourceTree = BUILT_PRODUCTS_DIR; };
/* End PBXFileReference section */

/* Begin PBXFrameworksBuildPhase section */
		3279F8AE10B5C47D00962C75 /* Frameworks */ = {
			isa = PBXFrameworksBuildPhase;
			buildActionMask = 2147483647;
			files = (
			);
			runOnlyForDeploymentPostprocessing = 0;
		};
		D2AAC07C0554694100DB518D /* Frameworks */ = {
			isa = PBXFrameworksBuildPhase;
			buildActionMask = 2147483647;
			files = (
				AACBBE4A0F95108600F1A2B1 /* Foundation.framework in Frameworks */,
				3279F8BF10B5C71300962C75 /* CoreGraphics.framework in Frameworks */,
				3279F8C010B5C71300962C75 /* UIKit.framework in Frameworks */,
				3279F8C610B5C71F00962C75 /* QuartzCore.framework in Frameworks */,
			);
			runOnlyForDeploymentPostprocessing = 0;
		};
/* End PBXFrameworksBuildPhase section */

/* Begin PBXGroup section */
		034768DFFF38A50411DB9C8B /* Products */ = {
			isa = PBXGroup;
			children = (
				D2AAC07E0554694100DB518D /* libTULEDIndicatorViews.a */,
				3279F8B110B5C47D00962C75 /* TULEDIndicatorViewsUnitTests.octest */,
			);
			name = Products;
			sourceTree = "<group>";
		};
		0867D691FE84028FC02AAC07 /* TULEDIndicatorViews */ = {
			isa = PBXGroup;
			children = (
				08FB77AEFE84172EC02AAC07 /* Classes */,
				32C88DFF0371C24200C91783 /* Other Sources */,
				0867D69AFE84028FC02AAC07 /* Frameworks */,
				034768DFFF38A50411DB9C8B /* Products */,
				3279F8B210B5C47D00962C75 /* TULEDIndicatorViewsUnitTests-Info.plist */,
			);
			name = TULEDIndicatorViews;
			sourceTree = "<group>";
		};
		0867D69AFE84028FC02AAC07 /* Frameworks */ = {
			isa = PBXGroup;
			children = (
				3279F8C510B5C71F00962C75 /* QuartzCore.framework */,
				3279F8BD10B5C71300962C75 /* CoreGraphics.framework */,
				3279F8BE10B5C71300962C75 /* UIKit.framework */,
				AACBBE490F95108600F1A2B1 /* Foundation.framework */,
			);
			name = Frameworks;
			sourceTree = "<group>";
		};
		08FB77AEFE84172EC02AAC07 /* Classes */ = {
			isa = PBXGroup;
			children = (
				3279F8B910B5C6FF00962C75 /* TULEDIndicatorView.h */,
				3279F8BA10B5C6FF00962C75 /* TULEDIndicatorView.m */,
				32A566E910CC76750046F74C /* TULEDImageFileSchema.h */,
				32A566EA10CC76750046F74C /* TULEDImageFileSchema.m */,
				3201D95310CED9AB002B5A73 /* TULEDIndicatorView+Convenience.h */,
				3201D95410CED9AB002B5A73 /* TULEDIndicatorView+Convenience.m */,
			);
			name = Classes;
			sourceTree = "<group>";
		};
		32C88DFF0371C24200C91783 /* Other Sources */ = {
			isa = PBXGroup;
			children = (
				32A566F610CC79FC0046F74C /* TULEDs.bundle */,
				AA747D9E0F9514B9006C5449 /* TULEDIndicatorViews_Prefix.pch */,
			);
			name = "Other Sources";
			sourceTree = "<group>";
		};
/* End PBXGroup section */

/* Begin PBXHeadersBuildPhase section */
		D2AAC07A0554694100DB518D /* Headers */ = {
			isa = PBXHeadersBuildPhase;
			buildActionMask = 2147483647;
			files = (
				AA747D9F0F9514B9006C5449 /* TULEDIndicatorViews_Prefix.pch in Headers */,
				3279F8BB10B5C6FF00962C75 /* TULEDIndicatorView.h in Headers */,
				32A566EB10CC76750046F74C /* TULEDImageFileSchema.h in Headers */,
				3201D95510CED9AB002B5A73 /* TULEDIndicatorView+Convenience.h in Headers */,
			);
			runOnlyForDeploymentPostprocessing = 0;
		};
/* End PBXHeadersBuildPhase section */

/* Begin PBXNativeTarget section */
		3279F8B010B5C47D00962C75 /* TULEDIndicatorViewsUnitTests */ = {
			isa = PBXNativeTarget;
			buildConfigurationList = 3279F8B510B5C47F00962C75 /* Build configuration list for PBXNativeTarget "TULEDIndicatorViewsUnitTests" */;
			buildPhases = (
				3279F8AC10B5C47D00962C75 /* Resources */,
				3279F8AD10B5C47D00962C75 /* Sources */,
				3279F8AE10B5C47D00962C75 /* Frameworks */,
				3279F8AF10B5C47D00962C75 /* ShellScript */,
			);
			buildRules = (
			);
			dependencies = (
			);
			name = TULEDIndicatorViewsUnitTests;
			productName = TULEDIndicatorViewsUnitTests;
			productReference = 3279F8B110B5C47D00962C75 /* TULEDIndicatorViewsUnitTests.octest */;
			productType = "com.apple.product-type.bundle";
		};
		D2AAC07D0554694100DB518D /* TULEDIndicatorViews */ = {
			isa = PBXNativeTarget;
			buildConfigurationList = 1DEB921E08733DC00010E9CD /* Build configuration list for PBXNativeTarget "TULEDIndicatorViews" */;
			buildPhases = (
				D2AAC07A0554694100DB518D /* Headers */,
				D2AAC07B0554694100DB518D /* Sources */,
				D2AAC07C0554694100DB518D /* Frameworks */,
			);
			buildRules = (
			);
			dependencies = (
			);
			name = TULEDIndicatorViews;
			productName = TULEDIndicatorViews;
			productReference = D2AAC07E0554694100DB518D /* libTULEDIndicatorViews.a */;
			productType = "com.apple.product-type.library.static";
		};
/* End PBXNativeTarget section */

/* Begin PBXProject section */
		0867D690FE84028FC02AAC07 /* Project object */ = {
			isa = PBXProject;
			buildConfigurationList = 1DEB922208733DC00010E9CD /* Build configuration list for PBXProject "TULEDIndicatorViews" */;
			compatibilityVersion = "Xcode 3.1";
			hasScannedForEncodings = 1;
			mainGroup = 0867D691FE84028FC02AAC07 /* TULEDIndicatorViews */;
			productRefGroup = 034768DFFF38A50411DB9C8B /* Products */;
			projectDirPath = "";
			projectRoot = "";
			targets = (
				D2AAC07D0554694100DB518D /* TULEDIndicatorViews */,
				3279F8B010B5C47D00962C75 /* TULEDIndicatorViewsUnitTests */,
			);
		};
/* End PBXProject section */

/* Begin PBXResourcesBuildPhase section */
		3279F8AC10B5C47D00962C75 /* Resources */ = {
			isa = PBXResourcesBuildPhase;
			buildActionMask = 2147483647;
			files = (
				32A566F710CC79FC0046F74C /* TULEDs.bundle in Resources */,
			);
			runOnlyForDeploymentPostprocessing = 0;
		};
/* End PBXResourcesBuildPhase section */

/* Begin PBXShellScriptBuildPhase section */
		3279F8AF10B5C47D00962C75 /* ShellScript */ = {
			isa = PBXShellScriptBuildPhase;
			buildActionMask = 2147483647;
			files = (
			);
			inputPaths = (
			);
			outputPaths = (
			);
			runOnlyForDeploymentPostprocessing = 0;
			shellPath = /bin/sh;
			shellScript = "# Run the unit tests in this test bundle.\n\"${SYSTEM_DEVELOPER_DIR}/Tools/RunUnitTests\"\n";
		};
/* End PBXShellScriptBuildPhase section */

/* Begin PBXSourcesBuildPhase section */
		3279F8AD10B5C47D00962C75 /* Sources */ = {
			isa = PBXSourcesBuildPhase;
			buildActionMask = 2147483647;
			files = (
				32A566EC10CC76750046F74C /* TULEDImageFileSchema.m in Sources */,
				3201D9B610CEF509002B5A73 /* TULEDIndicatorView.m in Sources */,
				3201D95610CED9AB002B5A73 /* TULEDIndicatorView+Convenience.m in Sources */,
			);
			runOnlyForDeploymentPostprocessing = 0;
		};
		D2AAC07B0554694100DB518D /* Sources */ = {
			isa = PBXSourcesBuildPhase;
			buildActionMask = 2147483647;
			files = (
				3201D9C610CEFC72002B5A73 /* TULEDIndicatorView+Convenience.m in Sources */,
				32A5675E10CC9A570046F74C /* TULEDImageFileSchema.m in Sources */,
				3279F8BC10B5C6FF00962C75 /* TULEDIndicatorView.m in Sources */,
			);
			runOnlyForDeploymentPostprocessing = 0;
		};
/* End PBXSourcesBuildPhase section */

/* Begin XCBuildConfiguration section */
		1DEB921F08733DC00010E9CD /* Debug */ = {
			isa = XCBuildConfiguration;
			buildSettings = {
				ALWAYS_SEARCH_USER_PATHS = NO;
				ARCHS = "$(ARCHS_STANDARD_32_BIT)";
				COPY_PHASE_STRIP = NO;
				DSTROOT = /tmp/TULEDIndicatorViews.dst;
				GCC_DYNAMIC_NO_PIC = NO;
				GCC_ENABLE_FIX_AND_CONTINUE = YES;
				GCC_MODEL_TUNING = G5;
				GCC_OPTIMIZATION_LEVEL = 0;
				GCC_PRECOMPILE_PREFIX_HEADER = YES;
				GCC_PREFIX_HEADER = TULEDIndicatorViews_Prefix.pch;
				INSTALL_PATH = /usr/local/lib;
				PRODUCT_NAME = TULEDIndicatorViews;
			};
			name = Debug;
		};
		1DEB922008733DC00010E9CD /* Release */ = {
			isa = XCBuildConfiguration;
			buildSettings = {
				ALWAYS_SEARCH_USER_PATHS = NO;
				ARCHS = "$(ARCHS_STANDARD_32_BIT)";
				DSTROOT = /tmp/TULEDIndicatorViews.dst;
				GCC_MODEL_TUNING = G5;
				GCC_PRECOMPILE_PREFIX_HEADER = YES;
				GCC_PREFIX_HEADER = TULEDIndicatorViews_Prefix.pch;
				INSTALL_PATH = /usr/local/lib;
				PRODUCT_NAME = TULEDIndicatorViews;
			};
			name = Release;
		};
		1DEB922308733DC00010E9CD /* Debug */ = {
			isa = XCBuildConfiguration;
			buildSettings = {
				ARCHS = "$(ARCHS_STANDARD_32_BIT)";
				GCC_C_LANGUAGE_STANDARD = c99;
				GCC_OPTIMIZATION_LEVEL = 0;
				GCC_WARN_ABOUT_RETURN_TYPE = YES;
				GCC_WARN_UNUSED_VARIABLE = YES;
				OTHER_LDFLAGS = "-ObjC";
				PREBINDING = NO;
				SDKROOT = iphoneos3.1;
			};
			name = Debug;
		};
		1DEB922408733DC00010E9CD /* Release */ = {
			isa = XCBuildConfiguration;
			buildSettings = {
				ARCHS = "$(ARCHS_STANDARD_32_BIT)";
				GCC_C_LANGUAGE_STANDARD = c99;
				GCC_WARN_ABOUT_RETURN_TYPE = YES;
				GCC_WARN_UNUSED_VARIABLE = YES;
				OTHER_LDFLAGS = "-ObjC";
				PREBINDING = NO;
				SDKROOT = iphoneos3.1;
			};
			name = Release;
		};
		3279F8B310B5C47F00962C75 /* Debug */ = {
			isa = XCBuildConfiguration;
			buildSettings = {
				ALWAYS_SEARCH_USER_PATHS = NO;
				COPY_PHASE_STRIP = NO;
				FRAMEWORK_SEARCH_PATHS = (
					"\"$(SDKROOT)/Developer/Library/Frameworks\"",
					"\"$(DEVELOPER_LIBRARY_DIR)/Frameworks\"",
				);
				GCC_DYNAMIC_NO_PIC = NO;
				GCC_ENABLE_FIX_AND_CONTINUE = NO;
				GCC_ENABLE_OBJC_EXCEPTIONS = YES;
				GCC_OPTIMIZATION_LEVEL = 0;
				INFOPLIST_FILE = "TULEDIndicatorViewsUnitTests-Info.plist";
				OTHER_LDFLAGS = (
					"-framework",
					Foundation,
					"-framework",
					SenTestingKit,
					"-framework",
					UIKit,
				);
				PREBINDING = NO;
				PRODUCT_NAME = TULEDIndicatorViewsUnitTests;
				WRAPPER_EXTENSION = octest;
			};
			name = Debug;
		};
		3279F8B410B5C47F00962C75 /* Release */ = {
			isa = XCBuildConfiguration;
			buildSettings = {
				ALWAYS_SEARCH_USER_PATHS = NO;
				COPY_PHASE_STRIP = YES;
				DEBUG_INFORMATION_FORMAT = "dwarf-with-dsym";
				FRAMEWORK_SEARCH_PATHS = (
					"\"$(SDKROOT)/Developer/Library/Frameworks\"",
					"\"$(DEVELOPER_LIBRARY_DIR)/Frameworks\"",
				);
				GCC_ENABLE_FIX_AND_CONTINUE = NO;
				GCC_ENABLE_OBJC_EXCEPTIONS = YES;
				INFOPLIST_FILE = "TULEDIndicatorViewsUnitTests-Info.plist";
				OTHER_LDFLAGS = (
					"-framework",
					Foundation,
					"-framework",
					SenTestingKit,
					"-framework",
					UIKit,
				);
				PREBINDING = NO;
				PRODUCT_NAME = TULEDIndicatorViewsUnitTests;
				WRAPPER_EXTENSION = octest;
				ZERO_LINK = NO;
			};
			name = Release;
		};
/* End XCBuildConfiguration section */

/* Begin XCConfigurationList section */
		1DEB921E08733DC00010E9CD /* Build configuration list for PBXNativeTarget "TULEDIndicatorViews" */ = {
			isa = XCConfigurationList;
			buildConfigurations = (
				1DEB921F08733DC00010E9CD /* Debug */,
				1DEB922008733DC00010E9CD /* Release */,
			);
			defaultConfigurationIsVisible = 0;
			defaultConfigurationName = Release;
		};
		1DEB922208733DC00010E9CD /* Build configuration list for PBXProject "TULEDIndicatorViews" */ = {
			isa = XCConfigurationList;
			buildConfigurations = (
				1DEB922308733DC00010E9CD /* Debug */,
				1DEB922408733DC00010E9CD /* Release */,
			);
			defaultConfigurationIsVisible = 0;
			defaultConfigurationName = Release;
		};
		3279F8B510B5C47F00962C75 /* Build configuration list for PBXNativeTarget "TULEDIndicatorViewsUnitTests" */ = {
			isa = XCConfigurationList;
			buildConfigurations = (
				3279F8B310B5C47F00962C75 /* Debug */,
				3279F8B410B5C47F00962C75 /* Release */,
			);
			defaultConfigurationIsVisible = 0;
			defaultConfigurationName = Release;
		};
/* End XCConfigurationList section */
	};
	rootObject = 0867D690FE84028FC02AAC07 /* Project object */;
}
