// !$*UTF8*$!
{
	archiveVersion = 1;
	classes = {
	};
	objectVersion = 45;
	objects = {

/* Begin PBXBuildFile section */
		1D3623260D0F684500981E51 /* TULEDIndicatorViewsDemoAppDelegate.m in Sources */ = {isa = PBXBuildFile; fileRef = 1D3623250D0F684500981E51 /* TULEDIndicatorViewsDemoAppDelegate.m */; };
		1D60589B0D05DD56006BFB54 /* main.m in Sources */ = {isa = PBXBuildFile; fileRef = 29B97316FDCFA39411CA2CEA /* main.m */; };
		1D60589F0D05DD5A006BFB54 /* Foundation.framework in Frameworks */ = {isa = PBXBuildFile; fileRef = 1D30AB110D05D00D00671497 /* Foundation.framework */; };
		1DF5F4E00D08C38300B7A737 /* UIKit.framework in Frameworks */ = {isa = PBXBuildFile; fileRef = 1DF5F4DF0D08C38300B7A737 /* UIKit.framework */; };
		288765A50DF7441C002DB57D /* CoreGraphics.framework in Frameworks */ = {isa = PBXBuildFile; fileRef = 288765A40DF7441C002DB57D /* CoreGraphics.framework */; };
		2899E5220DE3E06400AC0155 /* TULEDIndicatorViewsDemoViewController.xib in Resources */ = {isa = PBXBuildFile; fileRef = 2899E5210DE3E06400AC0155 /* TULEDIndicatorViewsDemoViewController.xib */; };
		28AD733F0D9D9553002E5188 /* MainWindow.xib in Resources */ = {isa = PBXBuildFile; fileRef = 28AD733E0D9D9553002E5188 /* MainWindow.xib */; };
		28D7ACF80DDB3853001CB0EB /* TULEDIndicatorViewsDemoViewController.m in Sources */ = {isa = PBXBuildFile; fileRef = 28D7ACF70DDB3853001CB0EB /* TULEDIndicatorViewsDemoViewController.m */; };
		3201D9F810CF31A7002B5A73 /* libTULEDIndicatorViews.a in Frameworks */ = {isa = PBXBuildFile; fileRef = 3201D9F410CF317F002B5A73 /* libTULEDIndicatorViews.a */; };
		3201D9FC10CF31C4002B5A73 /* TULEDs.bundle in Resources */ = {isa = PBXBuildFile; fileRef = 3201D9FB10CF31C4002B5A73 /* TULEDs.bundle */; };
		3247AAB810CF51AB00FBD8C5 /* TULEDKVOFlipFlop.m in Sources */ = {isa = PBXBuildFile; fileRef = 3247AAB710CF51AB00FBD8C5 /* TULEDKVOFlipFlop.m */; };
/* End PBXBuildFile section */

/* Begin PBXContainerItemProxy section */
		3201D9F310CF317F002B5A73 /* PBXContainerItemProxy */ = {
			isa = PBXContainerItemProxy;
			containerPortal = 3201D9EE10CF317F002B5A73 /* TULEDIndicatorViews.xcodeproj */;
			proxyType = 2;
			remoteGlobalIDString = D2AAC07E0554694100DB518D;
			remoteInfo = TULEDIndicatorViews;
		};
		3201D9F510CF317F002B5A73 /* PBXContainerItemProxy */ = {
			isa = PBXContainerItemProxy;
			containerPortal = 3201D9EE10CF317F002B5A73 /* TULEDIndicatorViews.xcodeproj */;
			proxyType = 2;
			remoteGlobalIDString = 3279F8B110B5C47D00962C75;
			remoteInfo = TULEDIndicatorViewsUnitTests;
		};
/* End PBXContainerItemProxy section */

/* Begin PBXFileReference section */
		1D30AB110D05D00D00671497 /* Foundation.framework */ = {isa = PBXFileReference; lastKnownFileType = wrapper.framework; name = Foundation.framework; path = System/Library/Frameworks/Foundation.framework; sourceTree = SDKROOT; };
		1D3623240D0F684500981E51 /* TULEDIndicatorViewsDemoAppDelegate.h */ = {isa = PBXFileReference; fileEncoding = 4; lastKnownFileType = sourcecode.c.h; path = TULEDIndicatorViewsDemoAppDelegate.h; sourceTree = "<group>"; };
		1D3623250D0F684500981E51 /* TULEDIndicatorViewsDemoAppDelegate.m */ = {isa = PBXFileReference; fileEncoding = 4; lastKnownFileType = sourcecode.c.objc; path = TULEDIndicatorViewsDemoAppDelegate.m; sourceTree = "<group>"; };
		1D6058910D05DD3D006BFB54 /* TULEDIndicatorViewsDemo.app */ = {isa = PBXFileReference; explicitFileType = wrapper.application; includeInIndex = 0; path = TULEDIndicatorViewsDemo.app; sourceTree = BUILT_PRODUCTS_DIR; };
		1DF5F4DF0D08C38300B7A737 /* UIKit.framework */ = {isa = PBXFileReference; lastKnownFileType = wrapper.framework; name = UIKit.framework; path = System/Library/Frameworks/UIKit.framework; sourceTree = SDKROOT; };
		288765A40DF7441C002DB57D /* CoreGraphics.framework */ = {isa = PBXFileReference; lastKnownFileType = wrapper.framework; name = CoreGraphics.framework; path = System/Library/Frameworks/CoreGraphics.framework; sourceTree = SDKROOT; };
		2899E5210DE3E06400AC0155 /* TULEDIndicatorViewsDemoViewController.xib */ = {isa = PBXFileReference; lastKnownFileType = file.xib; path = TULEDIndicatorViewsDemoViewController.xib; sourceTree = "<group>"; };
		28AD733E0D9D9553002E5188 /* MainWindow.xib */ = {isa = PBXFileReference; lastKnownFileType = file.xib; path = MainWindow.xib; sourceTree = "<group>"; };
		28D7ACF60DDB3853001CB0EB /* TULEDIndicatorViewsDemoViewController.h */ = {isa = PBXFileReference; fileEncoding = 4; lastKnownFileType = sourcecode.c.h; path = TULEDIndicatorViewsDemoViewController.h; sourceTree = "<group>"; };
		28D7ACF70DDB3853001CB0EB /* TULEDIndicatorViewsDemoViewController.m */ = {isa = PBXFileReference; fileEncoding = 4; lastKnownFileType = sourcecode.c.objc; path = TULEDIndicatorViewsDemoViewController.m; sourceTree = "<group>"; };
		29B97316FDCFA39411CA2CEA /* main.m */ = {isa = PBXFileReference; fileEncoding = 4; lastKnownFileType = sourcecode.c.objc; path = main.m; sourceTree = "<group>"; };
		3201D9EE10CF317F002B5A73 /* TULEDIndicatorViews.xcodeproj */ = {isa = PBXFileReference; lastKnownFileType = "wrapper.pb-project"; name = TULEDIndicatorViews.xcodeproj; path = ../TULEDIndicatorViews/TULEDIndicatorViews.xcodeproj; sourceTree = SOURCE_ROOT; };
		3201D9FB10CF31C4002B5A73 /* TULEDs.bundle */ = {isa = PBXFileReference; lastKnownFileType = "wrapper.plug-in"; name = TULEDs.bundle; path = ../TULEDIndicatorViews/TULEDs.bundle; sourceTree = SOURCE_ROOT; };
		3247AAB610CF51AB00FBD8C5 /* TULEDKVOFlipFlop.h */ = {isa = PBXFileReference; fileEncoding = 4; lastKnownFileType = sourcecode.c.h; path = TULEDKVOFlipFlop.h; sourceTree = "<group>"; };
		3247AAB710CF51AB00FBD8C5 /* TULEDKVOFlipFlop.m */ = {isa = PBXFileReference; fileEncoding = 4; lastKnownFileType = sourcecode.c.objc; path = TULEDKVOFlipFlop.m; sourceTree = "<group>"; };
		32CA4F630368D1EE00C91783 /* TULEDIndicatorViewsDemo_Prefix.pch */ = {isa = PBXFileReference; fileEncoding = 4; lastKnownFileType = sourcecode.c.h; path = TULEDIndicatorViewsDemo_Prefix.pch; sourceTree = "<group>"; };
		8D1107310486CEB800E47090 /* TULEDIndicatorViewsDemo-Info.plist */ = {isa = PBXFileReference; fileEncoding = 4; lastKnownFileType = text.plist.xml; path = "TULEDIndicatorViewsDemo-Info.plist"; plistStructureDefinitionIdentifier = "com.apple.xcode.plist.structure-definition.iphone.info-plist"; sourceTree = "<group>"; };
/* End PBXFileReference section */

/* Begin PBXFrameworksBuildPhase section */
		1D60588F0D05DD3D006BFB54 /* Frameworks */ = {
			isa = PBXFrameworksBuildPhase;
			buildActionMask = 2147483647;
			files = (
				3201D9F810CF31A7002B5A73 /* libTULEDIndicatorViews.a in Frameworks */,
				1D60589F0D05DD5A006BFB54 /* Foundation.framework in Frameworks */,
				1DF5F4E00D08C38300B7A737 /* UIKit.framework in Frameworks */,
				288765A50DF7441C002DB57D /* CoreGraphics.framework in Frameworks */,
			);
			runOnlyForDeploymentPostprocessing = 0;
		};
/* End PBXFrameworksBuildPhase section */

/* Begin PBXGroup section */
		080E96DDFE201D6D7F000001 /* Classes */ = {
			isa = PBXGroup;
			children = (
				1D3623240D0F684500981E51 /* TULEDIndicatorViewsDemoAppDelegate.h */,
				1D3623250D0F684500981E51 /* TULEDIndicatorViewsDemoAppDelegate.m */,
				28D7ACF60DDB3853001CB0EB /* TULEDIndicatorViewsDemoViewController.h */,
				28D7ACF70DDB3853001CB0EB /* TULEDIndicatorViewsDemoViewController.m */,
				3247AAB610CF51AB00FBD8C5 /* TULEDKVOFlipFlop.h */,
				3247AAB710CF51AB00FBD8C5 /* TULEDKVOFlipFlop.m */,
			);
			path = Classes;
			sourceTree = "<group>";
		};
		19C28FACFE9D520D11CA2CBB /* Products */ = {
			isa = PBXGroup;
			children = (
				1D6058910D05DD3D006BFB54 /* TULEDIndicatorViewsDemo.app */,
			);
			name = Products;
			sourceTree = "<group>";
		};
		29B97314FDCFA39411CA2CEA /* CustomTemplate */ = {
			isa = PBXGroup;
			children = (
				3201D9EE10CF317F002B5A73 /* TULEDIndicatorViews.xcodeproj */,
				080E96DDFE201D6D7F000001 /* Classes */,
				29B97315FDCFA39411CA2CEA /* Other Sources */,
				29B97317FDCFA39411CA2CEA /* Resources */,
				29B97323FDCFA39411CA2CEA /* Frameworks */,
				19C28FACFE9D520D11CA2CBB /* Products */,
			);
			name = CustomTemplate;
			sourceTree = "<group>";
		};
		29B97315FDCFA39411CA2CEA /* Other Sources */ = {
			isa = PBXGroup;
			children = (
				32CA4F630368D1EE00C91783 /* TULEDIndicatorViewsDemo_Prefix.pch */,
				29B97316FDCFA39411CA2CEA /* main.m */,
			);
			name = "Other Sources";
			sourceTree = "<group>";
		};
		29B97317FDCFA39411CA2CEA /* Resources */ = {
			isa = PBXGroup;
			children = (
				3201D9FB10CF31C4002B5A73 /* TULEDs.bundle */,
				2899E5210DE3E06400AC0155 /* TULEDIndicatorViewsDemoViewController.xib */,
				28AD733E0D9D9553002E5188 /* MainWindow.xib */,
				8D1107310486CEB800E47090 /* TULEDIndicatorViewsDemo-Info.plist */,
			);
			name = Resources;
			sourceTree = "<group>";
		};
		29B97323FDCFA39411CA2CEA /* Frameworks */ = {
			isa = PBXGroup;
			children = (
				1DF5F4DF0D08C38300B7A737 /* UIKit.framework */,
				1D30AB110D05D00D00671497 /* Foundation.framework */,
				288765A40DF7441C002DB57D /* CoreGraphics.framework */,
			);
			name = Frameworks;
			sourceTree = "<group>";
		};
		3201D9EF10CF317F002B5A73 /* Products */ = {
			isa = PBXGroup;
			children = (
				3201D9F410CF317F002B5A73 /* libTULEDIndicatorViews.a */,
				3201D9F610CF317F002B5A73 /* TULEDIndicatorViewsUnitTests.octest */,
			);
			name = Products;
			sourceTree = "<group>";
		};
/* End PBXGroup section */

/* Begin PBXNativeTarget section */
		1D6058900D05DD3D006BFB54 /* TULEDIndicatorViewsDemo */ = {
			isa = PBXNativeTarget;
			buildConfigurationList = 1D6058960D05DD3E006BFB54 /* Build configuration list for PBXNativeTarget "TULEDIndicatorViewsDemo" */;
			buildPhases = (
				1D60588D0D05DD3D006BFB54 /* Resources */,
				1D60588E0D05DD3D006BFB54 /* Sources */,
				1D60588F0D05DD3D006BFB54 /* Frameworks */,
			);
			buildRules = (
			);
			dependencies = (
			);
			name = TULEDIndicatorViewsDemo;
			productName = TULEDIndicatorViewsDemo;
			productReference = 1D6058910D05DD3D006BFB54 /* TULEDIndicatorViewsDemo.app */;
			productType = "com.apple.product-type.application";
		};
/* End PBXNativeTarget section */

/* Begin PBXProject section */
		29B97313FDCFA39411CA2CEA /* Project object */ = {
			isa = PBXProject;
			buildConfigurationList = C01FCF4E08A954540054247B /* Build configuration list for PBXProject "TULEDIndicatorViewsDemo" */;
			compatibilityVersion = "Xcode 3.1";
			hasScannedForEncodings = 1;
			mainGroup = 29B97314FDCFA39411CA2CEA /* CustomTemplate */;
			projectDirPath = "";
			projectReferences = (
				{
					ProductGroup = 3201D9EF10CF317F002B5A73 /* Products */;
					ProjectRef = 3201D9EE10CF317F002B5A73 /* TULEDIndicatorViews.xcodeproj */;
				},
			);
			projectRoot = "";
			targets = (
				1D6058900D05DD3D006BFB54 /* TULEDIndicatorViewsDemo */,
			);
		};
/* End PBXProject section */

/* Begin PBXReferenceProxy section */
		3201D9F410CF317F002B5A73 /* libTULEDIndicatorViews.a */ = {
			isa = PBXReferenceProxy;
			fileType = archive.ar;
			path = libTULEDIndicatorViews.a;
			remoteRef = 3201D9F310CF317F002B5A73 /* PBXContainerItemProxy */;
			sourceTree = BUILT_PRODUCTS_DIR;
		};
		3201D9F610CF317F002B5A73 /* TULEDIndicatorViewsUnitTests.octest */ = {
			isa = PBXReferenceProxy;
			fileType = wrapper.cfbundle;
			path = TULEDIndicatorViewsUnitTests.octest;
			remoteRef = 3201D9F510CF317F002B5A73 /* PBXContainerItemProxy */;
			sourceTree = BUILT_PRODUCTS_DIR;
		};
/* End PBXReferenceProxy section */

/* Begin PBXResourcesBuildPhase section */
		1D60588D0D05DD3D006BFB54 /* Resources */ = {
			isa = PBXResourcesBuildPhase;
			buildActionMask = 2147483647;
			files = (
				28AD733F0D9D9553002E5188 /* MainWindow.xib in Resources */,
				2899E5220DE3E06400AC0155 /* TULEDIndicatorViewsDemoViewController.xib in Resources */,
				3201D9FC10CF31C4002B5A73 /* TULEDs.bundle in Resources */,
			);
			runOnlyForDeploymentPostprocessing = 0;
		};
/* End PBXResourcesBuildPhase section */

/* Begin PBXSourcesBuildPhase section */
		1D60588E0D05DD3D006BFB54 /* Sources */ = {
			isa = PBXSourcesBuildPhase;
			buildActionMask = 2147483647;
			files = (
				1D60589B0D05DD56006BFB54 /* main.m in Sources */,
				1D3623260D0F684500981E51 /* TULEDIndicatorViewsDemoAppDelegate.m in Sources */,
				28D7ACF80DDB3853001CB0EB /* TULEDIndicatorViewsDemoViewController.m in Sources */,
				3247AAB810CF51AB00FBD8C5 /* TULEDKVOFlipFlop.m in Sources */,
			);
			runOnlyForDeploymentPostprocessing = 0;
		};
/* End PBXSourcesBuildPhase section */

/* Begin XCBuildConfiguration section */
		1D6058940D05DD3E006BFB54 /* Debug */ = {
			isa = XCBuildConfiguration;
			buildSettings = {
				ALWAYS_SEARCH_USER_PATHS = NO;
				COPY_PHASE_STRIP = NO;
				GCC_DYNAMIC_NO_PIC = NO;
				GCC_OPTIMIZATION_LEVEL = 0;
				GCC_PRECOMPILE_PREFIX_HEADER = YES;
				GCC_PREFIX_HEADER = TULEDIndicatorViewsDemo_Prefix.pch;
				INFOPLIST_FILE = "TULEDIndicatorViewsDemo-Info.plist";
				OTHER_LDFLAGS = (
					"-all_load",
					"-ObjC",
				);
				PRODUCT_NAME = TULEDIndicatorViewsDemo;
			};
			name = Debug;
		};
		1D6058950D05DD3E006BFB54 /* Release */ = {
			isa = XCBuildConfiguration;
			buildSettings = {
				ALWAYS_SEARCH_USER_PATHS = NO;
				COPY_PHASE_STRIP = YES;
				GCC_PRECOMPILE_PREFIX_HEADER = YES;
				GCC_PREFIX_HEADER = TULEDIndicatorViewsDemo_Prefix.pch;
				INFOPLIST_FILE = "TULEDIndicatorViewsDemo-Info.plist";
				OTHER_LDFLAGS = (
					"-all_load",
					"-ObjC",
				);
				PRODUCT_NAME = TULEDIndicatorViewsDemo;
			};
			name = Release;
		};
		C01FCF4F08A954540054247B /* Debug */ = {
			isa = XCBuildConfiguration;
			buildSettings = {
				ARCHS = "$(ARCHS_STANDARD_32_BIT)";
				"CODE_SIGN_IDENTITY[sdk=iphoneos*]" = "iPhone Developer";
				GCC_C_LANGUAGE_STANDARD = c99;
				GCC_WARN_ABOUT_RETURN_TYPE = YES;
				GCC_WARN_UNUSED_VARIABLE = YES;
				HEADER_SEARCH_PATHS = "../TULEDIndicatorViews//**";
				PREBINDING = NO;
				SDKROOT = iphoneos3.1.2;
			};
			name = Debug;
		};
		C01FCF5008A954540054247B /* Release */ = {
			isa = XCBuildConfiguration;
			buildSettings = {
				ARCHS = "$(ARCHS_STANDARD_32_BIT)";
				"CODE_SIGN_IDENTITY[sdk=iphoneos*]" = "iPhone Developer";
				GCC_C_LANGUAGE_STANDARD = c99;
				GCC_WARN_ABOUT_RETURN_TYPE = YES;
				GCC_WARN_UNUSED_VARIABLE = YES;
				HEADER_SEARCH_PATHS = "../TULEDIndicatorViews//**";
				PREBINDING = NO;
				SDKROOT = iphoneos3.1.2;
			};
			name = Release;
		};
/* End XCBuildConfiguration section */

/* Begin XCConfigurationList section */
		1D6058960D05DD3E006BFB54 /* Build configuration list for PBXNativeTarget "TULEDIndicatorViewsDemo" */ = {
			isa = XCConfigurationList;
			buildConfigurations = (
				1D6058940D05DD3E006BFB54 /* Debug */,
				1D6058950D05DD3E006BFB54 /* Release */,
			);
			defaultConfigurationIsVisible = 0;
			defaultConfigurationName = Release;
		};
		C01FCF4E08A954540054247B /* Build configuration list for PBXProject "TULEDIndicatorViewsDemo" */ = {
			isa = XCConfigurationList;
			buildConfigurations = (
				C01FCF4F08A954540054247B /* Debug */,
				C01FCF5008A954540054247B /* Release */,
			);
			defaultConfigurationIsVisible = 0;
			defaultConfigurationName = Release;
		};
/* End XCConfigurationList section */
	};
	rootObject = 29B97313FDCFA39411CA2CEA /* Project object */;
}
